
Microsoft Visual Studio Solution File, Format Version 12.00
# Visual Studio Version 17
VisualStudioVersion = 17.14.36518.9 d17.14
MinimumVisualStudioVersion = 10.0.40219.1
Project("{FAE04EC0-301F-11D3-BF4B-00C04F79EFBC}") = "Lab02+", "Lab02+.csproj", "{517717B8-FFCA-44B8-94D4-08BD091F4682}"
EndProject
Global
	GlobalSection(SolutionConfigurationPlatforms) = preSolution
		Debug|Any CPU = Debug|Any CPU
		Release|Any CPU = Release|Any CPU
	EndGlobalSection
	GlobalSection(ProjectConfigurationPlatforms) = postSolution
		{517717B8-FFCA-44B8-94D4-08BD091F4682}.Debug|Any CPU.ActiveCfg = Debug|Any CPU
		{517717B8-FFCA-44B8-94D4-08BD091F4682}.Debug|Any CPU.Build.0 = Debug|Any CPU
		{517717B8-FFCA-44B8-94D4-08BD091F4682}.Release|Any CPU.ActiveCfg = Release|Any CPU
		{517717B8-FFCA-44B8-94D4-08BD091F4682}.Release|Any CPU.Build.0 = Release|Any CPU
	EndGlobalSection
	GlobalSection(SolutionProperties) = preSolution
		HideSolutionNode = FALSE
	EndGlobalSection
	GlobalSection(ExtensibilityGlobals) = postSolution
		SolutionGuid = {158E746A-D658-4777-9CBE-5E03467AD9C3}
	EndGlobalSection
EndGlobal
