
Microsoft Visual Studio Solution File, Format Version 12.00
# Visual Studio Version 17
VisualStudioVersion = 17.14.36518.9 d17.14
MinimumVisualStudioVersion = 10.0.40219.1
Project("{FAE04EC0-301F-11D3-BF4B-00C04F79EFBC}") = "Lab2", "Lab2.csproj", "{6BF51E20-B861-4919-A53A-1D53E807EC2B}"
EndProject
Global
	GlobalSection(SolutionConfigurationPlatforms) = preSolution
		Debug|Any CPU = Debug|Any CPU
		Release|Any CPU = Release|Any CPU
	EndGlobalSection
	GlobalSection(ProjectConfigurationPlatforms) = postSolution
		{6BF51E20-B861-4919-A53A-1D53E807EC2B}.Debug|Any CPU.ActiveCfg = Debug|Any CPU
		{6BF51E20-B861-4919-A53A-1D53E807EC2B}.Debug|Any CPU.Build.0 = Debug|Any CPU
		{6BF51E20-B861-4919-A53A-1D53E807EC2B}.Release|Any CPU.ActiveCfg = Release|Any CPU
		{6BF51E20-B861-4919-A53A-1D53E807EC2B}.Release|Any CPU.Build.0 = Release|Any CPU
	EndGlobalSection
	GlobalSection(SolutionProperties) = preSolution
		HideSolutionNode = FALSE
	EndGlobalSection
	GlobalSection(ExtensibilityGlobals) = postSolution
		SolutionGuid = {453892BB-9476-4E40-8DE0-E5016D71F1E9}
	EndGlobalSection
EndGlobal
